
Microsoft Visual Studio Solution File, Format Version 12.00
# Visual Studio 2013
VisualStudioVersion = 12.0.31101.0
MinimumVisualStudioVersion = 10.0.40219.1
Project("{FAE04EC0-301F-11D3-BF4B-00C04F79EFBC}") = "Provider", "Provider\Provider.csproj", "{9250FF27-3295-4E14-B7D1-07FF8EA34F58}"
EndProject
Project("{FAE04EC0-301F-11D3-BF4B-00C04F79EFBC}") = "MvcClient", "MvcClient\MvcClient.csproj", "{BD238AF3-B1D7-4383-9D43-1A0202A712E0}"
EndProject
Project("{FAE04EC0-301F-11D3-BF4B-00C04F79EFBC}") = "Api", "Api\Api.csproj", "{8EB7D8F5-074A-444E-84C6-07F450ABD617}"
EndProject
Global
	GlobalSection(SolutionConfigurationPlatforms) = preSolution
		Debug|Any CPU = Debug|Any CPU
		Release|Any CPU = Release|Any CPU
	EndGlobalSection
	GlobalSection(ProjectConfigurationPlatforms) = postSolution
		{9250FF27-3295-4E14-B7D1-07FF8EA34F58}.Debug|Any CPU.ActiveCfg = Debug|Any CPU
		{9250FF27-3295-4E14-B7D1-07FF8EA34F58}.Debug|Any CPU.Build.0 = Debug|Any CPU
		{9250FF27-3295-4E14-B7D1-07FF8EA34F58}.Release|Any CPU.ActiveCfg = Release|Any CPU
		{9250FF27-3295-4E14-B7D1-07FF8EA34F58}.Release|Any CPU.Build.0 = Release|Any CPU
		{BD238AF3-B1D7-4383-9D43-1A0202A712E0}.Debug|Any CPU.ActiveCfg = Debug|Any CPU
		{BD238AF3-B1D7-4383-9D43-1A0202A712E0}.Debug|Any CPU.Build.0 = Debug|Any CPU
		{BD238AF3-B1D7-4383-9D43-1A0202A712E0}.Release|Any CPU.ActiveCfg = Release|Any CPU
		{BD238AF3-B1D7-4383-9D43-1A0202A712E0}.Release|Any CPU.Build.0 = Release|Any CPU
		{8EB7D8F5-074A-444E-84C6-07F450ABD617}.Debug|Any CPU.ActiveCfg = Debug|Any CPU
		{8EB7D8F5-074A-444E-84C6-07F450ABD617}.Debug|Any CPU.Build.0 = Debug|Any CPU
		{8EB7D8F5-074A-444E-84C6-07F450ABD617}.Release|Any CPU.ActiveCfg = Release|Any CPU
		{8EB7D8F5-074A-444E-84C6-07F450ABD617}.Release|Any CPU.Build.0 = Release|Any CPU
	EndGlobalSection
	GlobalSection(SolutionProperties) = preSolution
		HideSolutionNode = FALSE
	EndGlobalSection
EndGlobal
